Microsoft Visual Studio Solution File, Format Version 12.00
# Visual Studio Version 17
VisualStudioVersion = 17.5.2.0
MinimumVisualStudioVersion = 10.0.40219.1
Project("{2150E333-8FDC-42A3-9474-1A3956D46DE8}") = "ToDoPlatform", "ToDoPlatform", "{C812AD5A-47CC-D668-3D2C-E75564A467D1}"
EndProject
Project("{FAE04EC0-301F-11D3-BF4B-00C04F79EFBC}") = "ToDoPlataform", "ToDoPlatform\ToDoPlataform.csproj", "{6A0B9192-C833-74B5-1C1C-91E4E4C8F11F}"
EndProject
Global
	GlobalSection(SolutionConfigurationPlatforms) = preSolution
		Debug|Any CPU = Debug|Any CPU
		Release|Any CPU = Release|Any CPU
	EndGlobalSection
	GlobalSection(ProjectConfigurationPlatforms) = postSolution
		{6A0B9192-C833-74B5-1C1C-91E4E4C8F11F}.Debug|Any CPU.ActiveCfg = Debug|Any CPU
		{6A0B9192-C833-74B5-1C1C-91E4E4C8F11F}.Debug|Any CPU.Build.0 = Debug|Any CPU
		{6A0B9192-C833-74B5-1C1C-91E4E4C8F11F}.Release|Any CPU.ActiveCfg = Release|Any CPU
		{6A0B9192-C833-74B5-1C1C-91E4E4C8F11F}.Release|Any CPU.Build.0 = Release|Any CPU
	EndGlobalSection
	GlobalSection(SolutionProperties) = preSolution
		HideSolutionNode = FALSE
	EndGlobalSection
	GlobalSection(NestedProjects) = preSolution
		{6A0B9192-C833-74B5-1C1C-91E4E4C8F11F} = {C812AD5A-47CC-D668-3D2C-E75564A467D1}
	EndGlobalSection
	GlobalSection(ExtensibilityGlobals) = postSolution
		SolutionGuid = {7A510B2B-0146-43A3-A15B-E2A0FA89BF36}
	EndGlobalSection
EndGlobal
